{
  "name": "ngx-request-encapsulation",
  "version": "0.0.3",
  "lockfileVersion": 1,
  "requires": true,
  "dependencies": {
    "@angular/common": {
      "version": "8.2.11",
      "resolved": "https://registry.npmjs.org/@angular/common/-/common-8.2.11.tgz",
      "integrity": "sha512-AN8KKv13rVN1vwyVszZ1POvuUequ7jNC7Af/IDuxTJXKUDCI44dvjYQI0hbCicDDV+XZgjdkd4CBIiLCZRKnOQ==",
      "requires": {
        "tslib": "^1.9.0"
      }
    },
    "@angular/core": {
      "version": "8.2.11",
      "resolved": "https://registry.npmjs.org/@angular/core/-/core-8.2.11.tgz",
      "integrity": "sha512-TRfoJPcTjjiFh1dquqDc7LDI4sqD/LPCC9y2HP4r8644xJawhPJ0Ms6gWaeobCeP2k0vKsjrFmbPWeolOig/YA==",
      "dev": true,
      "requires": {
        "tslib": "^1.9.0"
      }
    },
    "rxjs": {
      "version": "6.5.3",
      "resolved": "https://registry.npmjs.org/rxjs/-/rxjs-6.5.3.tgz",
      "integrity": "sha512-wuYsAYYFdWTAnAaPoKGNhfpWwKZbJW+HgAJ+mImp+Epl7BG8oNWBCTyRM8gba9k4lk8BgWdoYm21Mo/RYhhbgA==",
      "requires": {
        "tslib": "^1.9.0"
      }
    },
    "tslib": {
      "version": "1.10.0",
      "resolved": "https://registry.npmjs.org/tslib/-/tslib-1.10.0.tgz",
      "integrity": "sha512-qOebF53frne81cf0S9B41ByenJ3/IuH8yJKngAX35CmiZySA0khhkovshKK+jGCaMnVomla7gVlIcc3EvKPbTQ=="
    },
    "typescript": {
      "version": "3.6.4",
      "resolved": "https://registry.npmjs.org/typescript/-/typescript-3.6.4.tgz",
      "integrity": "sha512-unoCll1+l+YK4i4F8f22TaNVPRHcD9PA3yCuZ8g5e0qGqlVlJ/8FSateOLLSagn+Yg5+ZwuPkL8LFUc0Jcvksg==",
      "dev": true
    }
  }
}
